
Microsoft Visual Studio Solution File, Format Version 12.00
# Visual Studio Version 17
VisualStudioVersion = 17.0.31903.59
MinimumVisualStudioVersion = 10.0.40219.1
Project("{FAE04EC0-301F-11D3-BF4B-00C04F79EFBC}") = "AddressBookServiceDatabase", "AddressBookServiceDatabase.csproj", "{B8AA4759-8270-441B-8678-6F604EF9F19D}"
EndProject
Global
	GlobalSection(SolutionConfigurationPlatforms) = preSolution
		Debug|Any CPU = Debug|Any CPU
		Release|Any CPU = Release|Any CPU
	EndGlobalSection
	GlobalSection(ProjectConfigurationPlatforms) = postSolution
		{B8AA4759-8270-441B-8678-6F604EF9F19D}.Debug|Any CPU.ActiveCfg = Debug|Any CPU
		{B8AA4759-8270-441B-8678-6F604EF9F19D}.Debug|Any CPU.Build.0 = Debug|Any CPU
		{B8AA4759-8270-441B-8678-6F604EF9F19D}.Release|Any CPU.ActiveCfg = Release|Any CPU
		{B8AA4759-8270-441B-8678-6F604EF9F19D}.Release|Any CPU.Build.0 = Release|Any CPU
	EndGlobalSection
	GlobalSection(SolutionProperties) = preSolution
		HideSolutionNode = FALSE
	EndGlobalSection
	GlobalSection(ExtensibilityGlobals) = postSolution
		SolutionGuid = {E18CC30E-77BD-44CB-B0F4-18BD4C8D5810}
	EndGlobalSection
EndGlobal
